
Microsoft Visual Studio Solution File, Format Version 12.00
# Visual Studio 2012
Project("{FAE04EC0-301F-11D3-BF4B-00C04F79EFBC}") = "Server", "server\Server.csproj", "{DBB8F3B0-4B01-433C-8564-7979872BD050}"
EndProject
Global
	GlobalSection(SolutionConfigurationPlatforms) = preSolution
		Debug|x86 = Debug|x86
		Release|x86 = Release|x86
	EndGlobalSection
	GlobalSection(ProjectConfigurationPlatforms) = postSolution
		{DBB8F3B0-4B01-433C-8564-7979872BD050}.Debug|x86.ActiveCfg = Debug|x86
		{DBB8F3B0-4B01-433C-8564-7979872BD050}.Debug|x86.Build.0 = Debug|x86
		{DBB8F3B0-4B01-433C-8564-7979872BD050}.Release|x86.ActiveCfg = Release|x86
		{DBB8F3B0-4B01-433C-8564-7979872BD050}.Release|x86.Build.0 = Release|x86
	EndGlobalSection
	GlobalSection(MonoDevelopProperties) = preSolution
		StartupItem = server\Server.csproj
	EndGlobalSection
EndGlobal
